
Microsoft Visual Studio Solution File, Format Version 12.00
# Visual Studio Version 16
VisualStudioVersion = 16.0.29806.167
MinimumVisualStudioVersion = 10.0.40219.1
Project("{FAE04EC0-301F-11D3-BF4B-00C04F79EFBC}") = "InvesteFacil_Atividade1.UWP", "InvesteFacil_Atividade1\InvesteFacil_Atividade1.UWP\InvesteFacil_Atividade1.UWP.csproj", "{E1F57013-033D-4BED-AABF-CB404A22FFCA}"
EndProject
Project("{FAE04EC0-301F-11D3-BF4B-00C04F79EFBC}") = "InvesteFacil_Atividade1.Android", "InvesteFacil_Atividade1\InvesteFacil_Atividade1.Android\InvesteFacil_Atividade1.Android.csproj", "{B7C2B9DC-8589-40A6-803E-9FFD0C90AEA0}"
EndProject
Project("{FAE04EC0-301F-11D3-BF4B-00C04F79EFBC}") = "InvesteFacil_Atividade1.iOS", "InvesteFacil_Atividade1\InvesteFacil_Atividade1.iOS\InvesteFacil_Atividade1.iOS.csproj", "{9A736ACA-066B-43ED-930A-B5A7EE62FC24}"
EndProject
Project("{FAE04EC0-301F-11D3-BF4B-00C04F79EFBC}") = "InvesteFacil_Atividade1", "InvesteFacil_Atividade1\InvesteFacil_Atividade1\InvesteFacil_Atividade1.csproj", "{6843321D-43BD-4853-B217-9C011225CC00}"
EndProject
Global
	GlobalSection(SolutionConfigurationPlatforms) = preSolution
		Debug|Any CPU = Debug|Any CPU
		Debug|ARM = Debug|ARM
		Debug|iPhone = Debug|iPhone
		Debug|iPhoneSimulator = Debug|iPhoneSimulator
		Debug|x64 = Debug|x64
		Debug|x86 = Debug|x86
		Release|Any CPU = Release|Any CPU
		Release|ARM = Release|ARM
		Release|iPhone = Release|iPhone
		Release|iPhoneSimulator = Release|iPhoneSimulator
		Release|x64 = Release|x64
		Release|x86 = Release|x86
	EndGlobalSection
	GlobalSection(ProjectConfigurationPlatforms) = postSolution
		{E1F57013-033D-4BED-AABF-CB404A22FFCA}.Debug|Any CPU.ActiveCfg = Debug|x86
		{E1F57013-033D-4BED-AABF-CB404A22FFCA}.Debug|Any CPU.Build.0 = Debug|x86
		{E1F57013-033D-4BED-AABF-CB404A22FFCA}.Debug|Any CPU.Deploy.0 = Debug|x86
		{E1F57013-033D-4BED-AABF-CB404A22FFCA}.Debug|ARM.ActiveCfg = Debug|ARM
		{E1F57013-033D-4BED-AABF-CB404A22FFCA}.Debug|ARM.Build.0 = Debug|ARM
		{E1F57013-033D-4BED-AABF-CB404A22FFCA}.Debug|ARM.Deploy.0 = Debug|ARM
		{E1F57013-033D-4BED-AABF-CB404A22FFCA}.Debug|iPhone.ActiveCfg = Debug|x86
		{E1F57013-033D-4BED-AABF-CB404A22FFCA}.Debug|iPhone.Build.0 = Debug|x86
		{E1F57013-033D-4BED-AABF-CB404A22FFCA}.Debug|iPhone.Deploy.0 = Debug|x86
		{E1F57013-033D-4BED-AABF-CB404A22FFCA}.Debug|iPhoneSimulator.ActiveCfg = Debug|x86
		{E1F57013-033D-4BED-AABF-CB404A22FFCA}.Debug|iPhoneSimulator.Build.0 = Debug|x86
		{E1F57013-033D-4BED-AABF-CB404A22FFCA}.Debug|iPhoneSimulator.Deploy.0 = Debug|x86
		{E1F57013-033D-4BED-AABF-CB404A22FFCA}.Debug|x64.ActiveCfg = Debug|x64
		{E1F57013-033D-4BED-AABF-CB404A22FFCA}.Debug|x64.Build.0 = Debug|x64
		{E1F57013-033D-4BED-AABF-CB404A22FFCA}.Debug|x64.Deploy.0 = Debug|x64
		{E1F57013-033D-4BED-AABF-CB404A22FFCA}.Debug|x86.ActiveCfg = Debug|x86
		{E1F57013-033D-4BED-AABF-CB404A22FFCA}.Debug|x86.Build.0 = Debug|x86
		{E1F57013-033D-4BED-AABF-CB404A22FFCA}.Debug|x86.Deploy.0 = Debug|x86
		{E1F57013-033D-4BED-AABF-CB404A22FFCA}.Release|Any CPU.ActiveCfg = Release|x86
		{E1F57013-033D-4BED-AABF-CB404A22FFCA}.Release|Any CPU.Build.0 = Release|x86
		{E1F57013-033D-4BED-AABF-CB404A22FFCA}.Release|Any CPU.Deploy.0 = Release|x86
		{E1F57013-033D-4BED-AABF-CB404A22FFCA}.Release|ARM.ActiveCfg = Release|ARM
		{E1F57013-033D-4BED-AABF-CB404A22FFCA}.Release|ARM.Build.0 = Release|ARM
		{E1F57013-033D-4BED-AABF-CB404A22FFCA}.Release|ARM.Deploy.0 = Release|ARM
		{E1F57013-033D-4BED-AABF-CB404A22FFCA}.Release|iPhone.ActiveCfg = Release|x86
		{E1F57013-033D-4BED-AABF-CB404A22FFCA}.Release|iPhone.Build.0 = Release|x86
		{E1F57013-033D-4BED-AABF-CB404A22FFCA}.Release|iPhone.Deploy.0 = Release|x86
		{E1F57013-033D-4BED-AABF-CB404A22FFCA}.Release|iPhoneSimulator.ActiveCfg = Release|x86
		{E1F57013-033D-4BED-AABF-CB404A22FFCA}.Release|iPhoneSimulator.Build.0 = Release|x86
		{E1F57013-033D-4BED-AABF-CB404A22FFCA}.Release|iPhoneSimulator.Deploy.0 = Release|x86
		{E1F57013-033D-4BED-AABF-CB404A22FFCA}.Release|x64.ActiveCfg = Release|x64
		{E1F57013-033D-4BED-AABF-CB404A22FFCA}.Release|x64.Build.0 = Release|x64
		{E1F57013-033D-4BED-AABF-CB404A22FFCA}.Release|x64.Deploy.0 = Release|x64
		{E1F57013-033D-4BED-AABF-CB404A22FFCA}.Release|x86.ActiveCfg = Release|x86
		{E1F57013-033D-4BED-AABF-CB404A22FFCA}.Release|x86.Build.0 = Release|x86
		{E1F57013-033D-4BED-AABF-CB404A22FFCA}.Release|x86.Deploy.0 = Release|x86
		{B7C2B9DC-8589-40A6-803E-9FFD0C90AEA0}.Debug|Any CPU.ActiveCfg = Debug|Any CPU
		{B7C2B9DC-8589-40A6-803E-9FFD0C90AEA0}.Debug|Any CPU.Build.0 = Debug|Any CPU
		{B7C2B9DC-8589-40A6-803E-9FFD0C90AEA0}.Debug|Any CPU.Deploy.0 = Debug|Any CPU
		{B7C2B9DC-8589-40A6-803E-9FFD0C90AEA0}.Debug|ARM.ActiveCfg = Debug|Any CPU
		{B7C2B9DC-8589-40A6-803E-9FFD0C90AEA0}.Debug|ARM.Build.0 = Debug|Any CPU
		{B7C2B9DC-8589-40A6-803E-9FFD0C90AEA0}.Debug|ARM.Deploy.0 = Debug|Any CPU
		{B7C2B9DC-8589-40A6-803E-9FFD0C90AEA0}.Debug|iPhone.ActiveCfg = Debug|Any CPU
		{B7C2B9DC-8589-40A6-803E-9FFD0C90AEA0}.Debug|iPhone.Build.0 = Debug|Any CPU
		{B7C2B9DC-8589-40A6-803E-9FFD0C90AEA0}.Debug|iPhone.Deploy.0 = Debug|Any CPU
		{B7C2B9DC-8589-40A6-803E-9FFD0C90AEA0}.Debug|iPhoneSimulator.ActiveCfg = Debug|Any CPU
		{B7C2B9DC-8589-40A6-803E-9FFD0C90AEA0}.Debug|iPhoneSimulator.Build.0 = Debug|Any CPU
		{B7C2B9DC-8589-40A6-803E-9FFD0C90AEA0}.Debug|iPhoneSimulator.Deploy.0 = Debug|Any CPU
		{B7C2B9DC-8589-40A6-803E-9FFD0C90AEA0}.Debug|x64.ActiveCfg = Debug|Any CPU
		{B7C2B9DC-8589-40A6-803E-9FFD0C90AEA0}.Debug|x64.Build.0 = Debug|Any CPU
		{B7C2B9DC-8589-40A6-803E-9FFD0C90AEA0}.Debug|x64.Deploy.0 = Debug|Any CPU
		{B7C2B9DC-8589-40A6-803E-9FFD0C90AEA0}.Debug|x86.ActiveCfg = Debug|Any CPU
		{B7C2B9DC-8589-40A6-803E-9FFD0C90AEA0}.Debug|x86.Build.0 = Debug|Any CPU
		{B7C2B9DC-8589-40A6-803E-9FFD0C90AEA0}.Debug|x86.Deploy.0 = Debug|Any CPU
		{B7C2B9DC-8589-40A6-803E-9FFD0C90AEA0}.Release|Any CPU.ActiveCfg = Release|Any CPU
		{B7C2B9DC-8589-40A6-803E-9FFD0C90AEA0}.Release|Any CPU.Build.0 = Release|Any CPU
		{B7C2B9DC-8589-40A6-803E-9FFD0C90AEA0}.Release|Any CPU.Deploy.0 = Release|Any CPU
		{B7C2B9DC-8589-40A6-803E-9FFD0C90AEA0}.Release|ARM.ActiveCfg = Release|Any CPU
		{B7C2B9DC-8589-40A6-803E-9FFD0C90AEA0}.Release|ARM.Build.0 = Release|Any CPU
		{B7C2B9DC-8589-40A6-803E-9FFD0C90AEA0}.Release|ARM.Deploy.0 = Release|Any CPU
		{B7C2B9DC-8589-40A6-803E-9FFD0C90AEA0}.Release|iPhone.ActiveCfg = Release|Any CPU
		{B7C2B9DC-8589-40A6-803E-9FFD0C90AEA0}.Release|iPhone.Build.0 = Release|Any CPU
		{B7C2B9DC-8589-40A6-803E-9FFD0C90AEA0}.Release|iPhone.Deploy.0 = Release|Any CPU
		{B7C2B9DC-8589-40A6-803E-9FFD0C90AEA0}.Release|iPhoneSimulator.ActiveCfg = Release|Any CPU
		{B7C2B9DC-8589-40A6-803E-9FFD0C90AEA0}.Release|iPhoneSimulator.Build.0 = Release|Any CPU
		{B7C2B9DC-8589-40A6-803E-9FFD0C90AEA0}.Release|iPhoneSimulator.Deploy.0 = Release|Any CPU
		{B7C2B9DC-8589-40A6-803E-9FFD0C90AEA0}.Release|x64.ActiveCfg = Release|Any CPU
		{B7C2B9DC-8589-40A6-803E-9FFD0C90AEA0}.Release|x64.Build.0 = Release|Any CPU
		{B7C2B9DC-8589-40A6-803E-9FFD0C90AEA0}.Release|x64.Deploy.0 = Release|Any CPU
		{B7C2B9DC-8589-40A6-803E-9FFD0C90AEA0}.Release|x86.ActiveCfg = Release|Any CPU
		{B7C2B9DC-8589-40A6-803E-9FFD0C90AEA0}.Release|x86.Build.0 = Release|Any CPU
		{B7C2B9DC-8589-40A6-803E-9FFD0C90AEA0}.Release|x86.Deploy.0 = Release|Any CPU
		{9A736ACA-066B-43ED-930A-B5A7EE62FC24}.Debug|Any CPU.ActiveCfg = Debug|iPhone
		{9A736ACA-066B-43ED-930A-B5A7EE62FC24}.Debug|Any CPU.Build.0 = Debug|iPhone
		{9A736ACA-066B-43ED-930A-B5A7EE62FC24}.Debug|Any CPU.Deploy.0 = Debug|iPhone
		{9A736ACA-066B-43ED-930A-B5A7EE62FC24}.Debug|ARM.ActiveCfg = Debug|iPhoneSimulator
		{9A736ACA-066B-43ED-930A-B5A7EE62FC24}.Debug|ARM.Build.0 = Debug|iPhoneSimulator
		{9A736ACA-066B-43ED-930A-B5A7EE62FC24}.Debug|ARM.Deploy.0 = Debug|iPhoneSimulator
		{9A736ACA-066B-43ED-930A-B5A7EE62FC24}.Debug|iPhone.ActiveCfg = Debug|iPhone
		{9A736ACA-066B-43ED-930A-B5A7EE62FC24}.Debug|iPhone.Build.0 = Debug|iPhone
		{9A736ACA-066B-43ED-930A-B5A7EE62FC24}.Debug|iPhone.Deploy.0 = Debug|iPhone
		{9A736ACA-066B-43ED-930A-B5A7EE62FC24}.Debug|iPhoneSimulator.ActiveCfg = Debug|iPhoneSimulator
		{9A736ACA-066B-43ED-930A-B5A7EE62FC24}.Debug|iPhoneSimulator.Build.0 = Debug|iPhoneSimulator
		{9A736ACA-066B-43ED-930A-B5A7EE62FC24}.Debug|iPhoneSimulator.Deploy.0 = Debug|iPhoneSimulator
		{9A736ACA-066B-43ED-930A-B5A7EE62FC24}.Debug|x64.ActiveCfg = Debug|iPhone
		{9A736ACA-066B-43ED-930A-B5A7EE62FC24}.Debug|x64.Build.0 = Debug|iPhone
		{9A736ACA-066B-43ED-930A-B5A7EE62FC24}.Debug|x64.Deploy.0 = Debug|iPhone
		{9A736ACA-066B-43ED-930A-B5A7EE62FC24}.Debug|x86.ActiveCfg = Debug|iPhone
		{9A736ACA-066B-43ED-930A-B5A7EE62FC24}.Debug|x86.Build.0 = Debug|iPhone
		{9A736ACA-066B-43ED-930A-B5A7EE62FC24}.Debug|x86.Deploy.0 = Debug|iPhone
		{9A736ACA-066B-43ED-930A-B5A7EE62FC24}.Release|Any CPU.ActiveCfg = Release|iPhone
		{9A736ACA-066B-43ED-930A-B5A7EE62FC24}.Release|Any CPU.Build.0 = Release|iPhone
		{9A736ACA-066B-43ED-930A-B5A7EE62FC24}.Release|Any CPU.Deploy.0 = Release|iPhone
		{9A736ACA-066B-43ED-930A-B5A7EE62FC24}.Release|ARM.ActiveCfg = Release|iPhone
		{9A736ACA-066B-43ED-930A-B5A7EE62FC24}.Release|ARM.Build.0 = Release|iPhone
		{9A736ACA-066B-43ED-930A-B5A7EE62FC24}.Release|ARM.Deploy.0 = Release|iPhone
		{9A736ACA-066B-43ED-930A-B5A7EE62FC24}.Release|iPhone.ActiveCfg = Release|iPhone
		{9A736ACA-066B-43ED-930A-B5A7EE62FC24}.Release|iPhone.Build.0 = Release|iPhone
		{9A736ACA-066B-43ED-930A-B5A7EE62FC24}.Release|iPhone.Deploy.0 = Release|iPhone
		{9A736ACA-066B-43ED-930A-B5A7EE62FC24}.Release|iPhoneSimulator.ActiveCfg = Release|iPhoneSimulator
		{9A736ACA-066B-43ED-930A-B5A7EE62FC24}.Release|iPhoneSimulator.Build.0 = Release|iPhoneSimulator
		{9A736ACA-066B-43ED-930A-B5A7EE62FC24}.Release|iPhoneSimulator.Deploy.0 = Release|iPhoneSimulator
		{9A736ACA-066B-43ED-930A-B5A7EE62FC24}.Release|x64.ActiveCfg = Release|iPhone
		{9A736ACA-066B-43ED-930A-B5A7EE62FC24}.Release|x64.Build.0 = Release|iPhone
		{9A736ACA-066B-43ED-930A-B5A7EE62FC24}.Release|x64.Deploy.0 = Release|iPhone
		{9A736ACA-066B-43ED-930A-B5A7EE62FC24}.Release|x86.ActiveCfg = Release|iPhone
		{9A736ACA-066B-43ED-930A-B5A7EE62FC24}.Release|x86.Build.0 = Release|iPhone
		{9A736ACA-066B-43ED-930A-B5A7EE62FC24}.Release|x86.Deploy.0 = Release|iPhone
		{6843321D-43BD-4853-B217-9C011225CC00}.Debug|Any CPU.ActiveCfg = Debug|Any CPU
		{6843321D-43BD-4853-B217-9C011225CC00}.Debug|Any CPU.Build.0 = Debug|Any CPU
		{6843321D-43BD-4853-B217-9C011225CC00}.Debug|Any CPU.Deploy.0 = Debug|Any CPU
		{6843321D-43BD-4853-B217-9C011225CC00}.Debug|ARM.ActiveCfg = Debug|Any CPU
		{6843321D-43BD-4853-B217-9C011225CC00}.Debug|ARM.Build.0 = Debug|Any CPU
		{6843321D-43BD-4853-B217-9C011225CC00}.Debug|ARM.Deploy.0 = Debug|Any CPU
		{6843321D-43BD-4853-B217-9C011225CC00}.Debug|iPhone.ActiveCfg = Debug|Any CPU
		{6843321D-43BD-4853-B217-9C011225CC00}.Debug|iPhone.Build.0 = Debug|Any CPU
		{6843321D-43BD-4853-B217-9C011225CC00}.Debug|iPhone.Deploy.0 = Debug|Any CPU
		{6843321D-43BD-4853-B217-9C011225CC00}.Debug|iPhoneSimulator.ActiveCfg = Debug|Any CPU
		{6843321D-43BD-4853-B217-9C011225CC00}.Debug|iPhoneSimulator.Build.0 = Debug|Any CPU
		{6843321D-43BD-4853-B217-9C011225CC00}.Debug|iPhoneSimulator.Deploy.0 = Debug|Any CPU
		{6843321D-43BD-4853-B217-9C011225CC00}.Debug|x64.ActiveCfg = Debug|Any CPU
		{6843321D-43BD-4853-B217-9C011225CC00}.Debug|x64.Build.0 = Debug|Any CPU
		{6843321D-43BD-4853-B217-9C011225CC00}.Debug|x64.Deploy.0 = Debug|Any CPU
		{6843321D-43BD-4853-B217-9C011225CC00}.Debug|x86.ActiveCfg = Debug|Any CPU
		{6843321D-43BD-4853-B217-9C011225CC00}.Debug|x86.Build.0 = Debug|Any CPU
		{6843321D-43BD-4853-B217-9C011225CC00}.Debug|x86.Deploy.0 = Debug|Any CPU
		{6843321D-43BD-4853-B217-9C011225CC00}.Release|Any CPU.ActiveCfg = Release|Any CPU
		{6843321D-43BD-4853-B217-9C011225CC00}.Release|Any CPU.Build.0 = Release|Any CPU
		{6843321D-43BD-4853-B217-9C011225CC00}.Release|Any CPU.Deploy.0 = Release|Any CPU
		{6843321D-43BD-4853-B217-9C011225CC00}.Release|ARM.ActiveCfg = Release|Any CPU
		{6843321D-43BD-4853-B217-9C011225CC00}.Release|ARM.Build.0 = Release|Any CPU
		{6843321D-43BD-4853-B217-9C011225CC00}.Release|ARM.Deploy.0 = Release|Any CPU
		{6843321D-43BD-4853-B217-9C011225CC00}.Release|iPhone.ActiveCfg = Release|Any CPU
		{6843321D-43BD-4853-B217-9C011225CC00}.Release|iPhone.Build.0 = Release|Any CPU
		{6843321D-43BD-4853-B217-9C011225CC00}.Release|iPhone.Deploy.0 = Release|Any CPU
		{6843321D-43BD-4853-B217-9C011225CC00}.Release|iPhoneSimulator.ActiveCfg = Release|Any CPU
		{6843321D-43BD-4853-B217-9C011225CC00}.Release|iPhoneSimulator.Build.0 = Release|Any CPU
		{6843321D-43BD-4853-B217-9C011225CC00}.Release|iPhoneSimulator.Deploy.0 = Release|Any CPU
		{6843321D-43BD-4853-B217-9C011225CC00}.Release|x64.ActiveCfg = Release|Any CPU
		{6843321D-43BD-4853-B217-9C011225CC00}.Release|x64.Build.0 = Release|Any CPU
		{6843321D-43BD-4853-B217-9C011225CC00}.Release|x64.Deploy.0 = Release|Any CPU
		{6843321D-43BD-4853-B217-9C011225CC00}.Release|x86.ActiveCfg = Release|Any CPU
		{6843321D-43BD-4853-B217-9C011225CC00}.Release|x86.Build.0 = Release|Any CPU
		{6843321D-43BD-4853-B217-9C011225CC00}.Release|x86.Deploy.0 = Release|Any CPU
	EndGlobalSection
	GlobalSection(SolutionProperties) = preSolution
		HideSolutionNode = FALSE
	EndGlobalSection
	GlobalSection(ExtensibilityGlobals) = postSolution
		SolutionGuid = {9682052E-8566-4F53-B2F1-63EB8C5BD527}
	EndGlobalSection
EndGlobal
